
Microsoft Visual Studio Solution File, Format Version 12.00
# Visual Studio 2013
VisualStudioVersion = 12.0.31101.0
MinimumVisualStudioVersion = 10.0.40219.1
Project("{FAE04EC0-301F-11D3-BF4B-00C04F79EFBC}") = "Checky.WebApi", "CheckyApi\Checky.WebApi\Checky.WebApi.csproj", "{387DF586-DBF3-41F9-9C5E-3769D855F151}"
EndProject
Project("{FAE04EC0-301F-11D3-BF4B-00C04F79EFBC}") = "Checky.Data", "Checky.Data\Checky.Data.csproj", "{77250BEE-ECA4-4325-BED1-8DF440E2BE38}"
EndProject
Project("{FAE04EC0-301F-11D3-BF4B-00C04F79EFBC}") = "Checky.DTO", "Checky.DTO\Checky.DTO.csproj", "{6D5706B4-1D7A-4CED-B676-D1230DE4E914}"
EndProject
Global
	GlobalSection(SolutionConfigurationPlatforms) = preSolution
		Debug|Any CPU = Debug|Any CPU
		Release|Any CPU = Release|Any CPU
	EndGlobalSection
	GlobalSection(ProjectConfigurationPlatforms) = postSolution
		{387DF586-DBF3-41F9-9C5E-3769D855F151}.Debug|Any CPU.ActiveCfg = Debug|Any CPU
		{387DF586-DBF3-41F9-9C5E-3769D855F151}.Debug|Any CPU.Build.0 = Debug|Any CPU
		{387DF586-DBF3-41F9-9C5E-3769D855F151}.Release|Any CPU.ActiveCfg = Release|Any CPU
		{387DF586-DBF3-41F9-9C5E-3769D855F151}.Release|Any CPU.Build.0 = Release|Any CPU
		{77250BEE-ECA4-4325-BED1-8DF440E2BE38}.Debug|Any CPU.ActiveCfg = Debug|Any CPU
		{77250BEE-ECA4-4325-BED1-8DF440E2BE38}.Debug|Any CPU.Build.0 = Debug|Any CPU
		{77250BEE-ECA4-4325-BED1-8DF440E2BE38}.Release|Any CPU.ActiveCfg = Release|Any CPU
		{77250BEE-ECA4-4325-BED1-8DF440E2BE38}.Release|Any CPU.Build.0 = Release|Any CPU
		{6D5706B4-1D7A-4CED-B676-D1230DE4E914}.Debug|Any CPU.ActiveCfg = Debug|Any CPU
		{6D5706B4-1D7A-4CED-B676-D1230DE4E914}.Debug|Any CPU.Build.0 = Debug|Any CPU
		{6D5706B4-1D7A-4CED-B676-D1230DE4E914}.Release|Any CPU.ActiveCfg = Release|Any CPU
		{6D5706B4-1D7A-4CED-B676-D1230DE4E914}.Release|Any CPU.Build.0 = Release|Any CPU
	EndGlobalSection
	GlobalSection(SolutionProperties) = preSolution
		HideSolutionNode = FALSE
	EndGlobalSection
EndGlobal
